
Microsoft Visual Studio Solution File, Format Version 12.00
# Visual Studio Version 17
VisualStudioVersion = 17.1.32210.238
MinimumVisualStudioVersion = 10.0.40219.1
Project("{2150E333-8FDC-42A3-9474-1A3956D46DE8}") = "FrontEnd", "FrontEnd", "{32FBFB38-124D-409A-ABD9-CDF11CEB2717}"
EndProject
Project("{2150E333-8FDC-42A3-9474-1A3956D46DE8}") = "Services", "Services", "{AC83F4B3-2480-4073-B25B-7975D2D3D1D6}"
EndProject
Project("{9A19103F-16F7-4668-BE54-9A1E7A4F7556}") = "Services.ProductAPI", "Services\Services.ProductAPI\Services.ProductAPI.csproj", "{C10BD70A-E90C-4DC9-9BDC-ECB2A7302EFF}"
EndProject
Project("{9A19103F-16F7-4668-BE54-9A1E7A4F7556}") = "AfricanKitchen.Web", "FrontEnd\AfricanChicken.Web\AfricanKitchen.Web.csproj", "{1653619C-7137-45E0-9DEE-851257CDCADF}"
EndProject
Project("{9A19103F-16F7-4668-BE54-9A1E7A4F7556}") = "Services.Identity", "Services\Services.Identity\Services.Identity.csproj", "{43494429-2E74-4152-ABBE-85AC5D4F4225}"
EndProject
Project("{9A19103F-16F7-4668-BE54-9A1E7A4F7556}") = "Services.ShoppingCartAPI", "Services\Services.ShoppingCartAPI\Services.ShoppingCartAPI.csproj", "{76E147FA-B573-4B6E-AD73-E8C7905F7017}"
EndProject
Project("{9A19103F-16F7-4668-BE54-9A1E7A4F7556}") = "Services.CouponAPI", "Services\Services.CouponAPI\Services.CouponAPI.csproj", "{A4F2468C-9599-4C8C-A934-2CF2F2513CA2}"
EndProject
Project("{2150E333-8FDC-42A3-9474-1A3956D46DE8}") = "Integration", "Integration", "{4AB0E36E-6995-4D5E-A510-0A2BEE3651FB}"
EndProject
Project("{FAE04EC0-301F-11D3-BF4B-00C04F79EFBC}") = "Integration.MessageBus", "Integration\Integration.MessageBus\Integration.MessageBus.csproj", "{7FF2F04D-3B5B-4766-B3CD-5C1329AAC962}"
EndProject
Project("{FAE04EC0-301F-11D3-BF4B-00C04F79EFBC}") = "Services.OrderAPI", "Services\Services.OrderAPI\Services.OrderAPI.csproj", "{AA2B0247-B90C-4A3B-B5D2-23C07B8C10A8}"
EndProject
Global
	GlobalSection(SolutionConfigurationPlatforms) = preSolution
		Debug|Any CPU = Debug|Any CPU
		Release|Any CPU = Release|Any CPU
	EndGlobalSection
	GlobalSection(ProjectConfigurationPlatforms) = postSolution
		{C10BD70A-E90C-4DC9-9BDC-ECB2A7302EFF}.Debug|Any CPU.ActiveCfg = Debug|Any CPU
		{C10BD70A-E90C-4DC9-9BDC-ECB2A7302EFF}.Debug|Any CPU.Build.0 = Debug|Any CPU
		{C10BD70A-E90C-4DC9-9BDC-ECB2A7302EFF}.Release|Any CPU.ActiveCfg = Release|Any CPU
		{C10BD70A-E90C-4DC9-9BDC-ECB2A7302EFF}.Release|Any CPU.Build.0 = Release|Any CPU
		{1653619C-7137-45E0-9DEE-851257CDCADF}.Debug|Any CPU.ActiveCfg = Debug|Any CPU
		{1653619C-7137-45E0-9DEE-851257CDCADF}.Debug|Any CPU.Build.0 = Debug|Any CPU
		{1653619C-7137-45E0-9DEE-851257CDCADF}.Release|Any CPU.ActiveCfg = Release|Any CPU
		{1653619C-7137-45E0-9DEE-851257CDCADF}.Release|Any CPU.Build.0 = Release|Any CPU
		{43494429-2E74-4152-ABBE-85AC5D4F4225}.Debug|Any CPU.ActiveCfg = Debug|Any CPU
		{43494429-2E74-4152-ABBE-85AC5D4F4225}.Debug|Any CPU.Build.0 = Debug|Any CPU
		{43494429-2E74-4152-ABBE-85AC5D4F4225}.Release|Any CPU.ActiveCfg = Release|Any CPU
		{43494429-2E74-4152-ABBE-85AC5D4F4225}.Release|Any CPU.Build.0 = Release|Any CPU
		{76E147FA-B573-4B6E-AD73-E8C7905F7017}.Debug|Any CPU.ActiveCfg = Debug|Any CPU
		{76E147FA-B573-4B6E-AD73-E8C7905F7017}.Debug|Any CPU.Build.0 = Debug|Any CPU
		{76E147FA-B573-4B6E-AD73-E8C7905F7017}.Release|Any CPU.ActiveCfg = Release|Any CPU
		{76E147FA-B573-4B6E-AD73-E8C7905F7017}.Release|Any CPU.Build.0 = Release|Any CPU
		{A4F2468C-9599-4C8C-A934-2CF2F2513CA2}.Debug|Any CPU.ActiveCfg = Debug|Any CPU
		{A4F2468C-9599-4C8C-A934-2CF2F2513CA2}.Debug|Any CPU.Build.0 = Debug|Any CPU
		{A4F2468C-9599-4C8C-A934-2CF2F2513CA2}.Release|Any CPU.ActiveCfg = Release|Any CPU
		{A4F2468C-9599-4C8C-A934-2CF2F2513CA2}.Release|Any CPU.Build.0 = Release|Any CPU
		{7FF2F04D-3B5B-4766-B3CD-5C1329AAC962}.Debug|Any CPU.ActiveCfg = Debug|Any CPU
		{7FF2F04D-3B5B-4766-B3CD-5C1329AAC962}.Debug|Any CPU.Build.0 = Debug|Any CPU
		{7FF2F04D-3B5B-4766-B3CD-5C1329AAC962}.Release|Any CPU.ActiveCfg = Release|Any CPU
		{7FF2F04D-3B5B-4766-B3CD-5C1329AAC962}.Release|Any CPU.Build.0 = Release|Any CPU
		{AA2B0247-B90C-4A3B-B5D2-23C07B8C10A8}.Debug|Any CPU.ActiveCfg = Debug|Any CPU
		{AA2B0247-B90C-4A3B-B5D2-23C07B8C10A8}.Debug|Any CPU.Build.0 = Debug|Any CPU
		{AA2B0247-B90C-4A3B-B5D2-23C07B8C10A8}.Release|Any CPU.ActiveCfg = Release|Any CPU
		{AA2B0247-B90C-4A3B-B5D2-23C07B8C10A8}.Release|Any CPU.Build.0 = Release|Any CPU
	EndGlobalSection
	GlobalSection(SolutionProperties) = preSolution
		HideSolutionNode = FALSE
	EndGlobalSection
	GlobalSection(NestedProjects) = preSolution
		{C10BD70A-E90C-4DC9-9BDC-ECB2A7302EFF} = {AC83F4B3-2480-4073-B25B-7975D2D3D1D6}
		{1653619C-7137-45E0-9DEE-851257CDCADF} = {32FBFB38-124D-409A-ABD9-CDF11CEB2717}
		{43494429-2E74-4152-ABBE-85AC5D4F4225} = {AC83F4B3-2480-4073-B25B-7975D2D3D1D6}
		{76E147FA-B573-4B6E-AD73-E8C7905F7017} = {AC83F4B3-2480-4073-B25B-7975D2D3D1D6}
		{A4F2468C-9599-4C8C-A934-2CF2F2513CA2} = {AC83F4B3-2480-4073-B25B-7975D2D3D1D6}
		{7FF2F04D-3B5B-4766-B3CD-5C1329AAC962} = {4AB0E36E-6995-4D5E-A510-0A2BEE3651FB}
		{AA2B0247-B90C-4A3B-B5D2-23C07B8C10A8} = {AC83F4B3-2480-4073-B25B-7975D2D3D1D6}
	EndGlobalSection
	GlobalSection(ExtensibilityGlobals) = postSolution
		SolutionGuid = {FC7A2F38-86EA-44B1-93C1-FA377C946700}
	EndGlobalSection
EndGlobal
